
Microsoft Visual Studio Solution File, Format Version 12.00
# Visual Studio Version 17
VisualStudioVersion = 17.8.34322.80
MinimumVisualStudioVersion = 10.0.40219.1
Project("{9A19103F-16F7-4668-BE54-9A1E7A4F7556}") = "TJRJ.TesteUnitario", "TJRJ.TesteUnitario\TJRJ.TesteUnitario.csproj", "{8460CC51-C9D5-4232-A6A2-A99C37C5F05F}"
EndProject
Project("{9A19103F-16F7-4668-BE54-9A1E7A4F7556}") = "TJRJ", "TJRJ.Web\TJRJ.csproj", "{8637E205-D193-4991-883D-EAB765464E7A}"
EndProject
Global
	GlobalSection(SolutionConfigurationPlatforms) = preSolution
		Debug|Any CPU = Debug|Any CPU
		Release|Any CPU = Release|Any CPU
	EndGlobalSection
	GlobalSection(ProjectConfigurationPlatforms) = postSolution
		{8460CC51-C9D5-4232-A6A2-A99C37C5F05F}.Debug|Any CPU.ActiveCfg = Debug|Any CPU
		{8460CC51-C9D5-4232-A6A2-A99C37C5F05F}.Debug|Any CPU.Build.0 = Debug|Any CPU
		{8460CC51-C9D5-4232-A6A2-A99C37C5F05F}.Release|Any CPU.ActiveCfg = Release|Any CPU
		{8460CC51-C9D5-4232-A6A2-A99C37C5F05F}.Release|Any CPU.Build.0 = Release|Any CPU
		{8637E205-D193-4991-883D-EAB765464E7A}.Debug|Any CPU.ActiveCfg = Debug|Any CPU
		{8637E205-D193-4991-883D-EAB765464E7A}.Debug|Any CPU.Build.0 = Debug|Any CPU
		{8637E205-D193-4991-883D-EAB765464E7A}.Release|Any CPU.ActiveCfg = Release|Any CPU
		{8637E205-D193-4991-883D-EAB765464E7A}.Release|Any CPU.Build.0 = Release|Any CPU
	EndGlobalSection
	GlobalSection(SolutionProperties) = preSolution
		HideSolutionNode = FALSE
	EndGlobalSection
	GlobalSection(ExtensibilityGlobals) = postSolution
		SolutionGuid = {D7EEE9F5-C818-4C47-AEC5-0AD526DF2763}
	EndGlobalSection
EndGlobal
